
Microsoft Visual Studio Solution File, Format Version 12.00
# Visual Studio 14
VisualStudioVersion = 14.0.24720.0
MinimumVisualStudioVersion = 10.0.40219.1
Project("{FAE04EC0-301F-11D3-BF4B-00C04F79EFBC}") = "UWPTest", "UWPTest\UWPTest\UWPTest.csproj", "{9F927BAE-BDA0-413E-8B66-9FE69195CE16}"
EndProject
Project("{FAE04EC0-301F-11D3-BF4B-00C04F79EFBC}") = "UWPTest.iOS", "UWPTest\UWPTest.iOS\UWPTest.iOS.csproj", "{03F9E7EC-5383-4DBE-AD21-DCA5BD67C166}"
EndProject
Project("{FAE04EC0-301F-11D3-BF4B-00C04F79EFBC}") = "UWPTest.Droid", "UWPTest\UWPTest.Droid\UWPTest.Droid.csproj", "{894B9FBC-5CA1-4440-BABF-D35BCB700B55}"
EndProject
Project("{FAE04EC0-301F-11D3-BF4B-00C04F79EFBC}") = "UWPTest.WinPhone", "UWPTest\UWPTest.WinPhone\UWPTest.WinPhone.csproj", "{39AEEE75-E688-4316-8A27-74CD3F9FB7FB}"
EndProject
Project("{FAE04EC0-301F-11D3-BF4B-00C04F79EFBC}") = "UWPTest.UWP", "UWPTest.UWP\UWPTest.UWP.csproj", "{BD42177F-7649-48E9-9C51-7555223498B1}"
EndProject
Global
	GlobalSection(SolutionConfigurationPlatforms) = preSolution
		Ad-Hoc|Any CPU = Ad-Hoc|Any CPU
		Ad-Hoc|ARM = Ad-Hoc|ARM
		Ad-Hoc|iPhone = Ad-Hoc|iPhone
		Ad-Hoc|iPhoneSimulator = Ad-Hoc|iPhoneSimulator
		Ad-Hoc|x64 = Ad-Hoc|x64
		Ad-Hoc|x86 = Ad-Hoc|x86
		AppStore|Any CPU = AppStore|Any CPU
		AppStore|ARM = AppStore|ARM
		AppStore|iPhone = AppStore|iPhone
		AppStore|iPhoneSimulator = AppStore|iPhoneSimulator
		AppStore|x64 = AppStore|x64
		AppStore|x86 = AppStore|x86
		Debug|Any CPU = Debug|Any CPU
		Debug|ARM = Debug|ARM
		Debug|iPhone = Debug|iPhone
		Debug|iPhoneSimulator = Debug|iPhoneSimulator
		Debug|x64 = Debug|x64
		Debug|x86 = Debug|x86
		Release|Any CPU = Release|Any CPU
		Release|ARM = Release|ARM
		Release|iPhone = Release|iPhone
		Release|iPhoneSimulator = Release|iPhoneSimulator
		Release|x64 = Release|x64
		Release|x86 = Release|x86
	EndGlobalSection
	GlobalSection(ProjectConfigurationPlatforms) = postSolution
		{9F927BAE-BDA0-413E-8B66-9FE69195CE16}.Ad-Hoc|Any CPU.ActiveCfg = Release|Any CPU
		{9F927BAE-BDA0-413E-8B66-9FE69195CE16}.Ad-Hoc|Any CPU.Build.0 = Release|Any CPU
		{9F927BAE-BDA0-413E-8B66-9FE69195CE16}.Ad-Hoc|ARM.ActiveCfg = Release|Any CPU
		{9F927BAE-BDA0-413E-8B66-9FE69195CE16}.Ad-Hoc|ARM.Build.0 = Release|Any CPU
		{9F927BAE-BDA0-413E-8B66-9FE69195CE16}.Ad-Hoc|iPhone.ActiveCfg = Release|Any CPU
		{9F927BAE-BDA0-413E-8B66-9FE69195CE16}.Ad-Hoc|iPhone.Build.0 = Release|Any CPU
		{9F927BAE-BDA0-413E-8B66-9FE69195CE16}.Ad-Hoc|iPhoneSimulator.ActiveCfg = Release|Any CPU
		{9F927BAE-BDA0-413E-8B66-9FE69195CE16}.Ad-Hoc|iPhoneSimulator.Build.0 = Release|Any CPU
		{9F927BAE-BDA0-413E-8B66-9FE69195CE16}.Ad-Hoc|x64.ActiveCfg = Release|Any CPU
		{9F927BAE-BDA0-413E-8B66-9FE69195CE16}.Ad-Hoc|x64.Build.0 = Release|Any CPU
		{9F927BAE-BDA0-413E-8B66-9FE69195CE16}.Ad-Hoc|x86.ActiveCfg = Release|Any CPU
		{9F927BAE-BDA0-413E-8B66-9FE69195CE16}.Ad-Hoc|x86.Build.0 = Release|Any CPU
		{9F927BAE-BDA0-413E-8B66-9FE69195CE16}.AppStore|Any CPU.ActiveCfg = Release|Any CPU
		{9F927BAE-BDA0-413E-8B66-9FE69195CE16}.AppStore|Any CPU.Build.0 = Release|Any CPU
		{9F927BAE-BDA0-413E-8B66-9FE69195CE16}.AppStore|ARM.ActiveCfg = Release|Any CPU
		{9F927BAE-BDA0-413E-8B66-9FE69195CE16}.AppStore|ARM.Build.0 = Release|Any CPU
		{9F927BAE-BDA0-413E-8B66-9FE69195CE16}.AppStore|iPhone.ActiveCfg = Release|Any CPU
		{9F927BAE-BDA0-413E-8B66-9FE69195CE16}.AppStore|iPhone.Build.0 = Release|Any CPU
		{9F927BAE-BDA0-413E-8B66-9FE69195CE16}.AppStore|iPhoneSimulator.ActiveCfg = Release|Any CPU
		{9F927BAE-BDA0-413E-8B66-9FE69195CE16}.AppStore|iPhoneSimulator.Build.0 = Release|Any CPU
		{9F927BAE-BDA0-413E-8B66-9FE69195CE16}.AppStore|x64.ActiveCfg = Release|Any CPU
		{9F927BAE-BDA0-413E-8B66-9FE69195CE16}.AppStore|x64.Build.0 = Release|Any CPU
		{9F927BAE-BDA0-413E-8B66-9FE69195CE16}.AppStore|x86.ActiveCfg = Release|Any CPU
		{9F927BAE-BDA0-413E-8B66-9FE69195CE16}.AppStore|x86.Build.0 = Release|Any CPU
		{9F927BAE-BDA0-413E-8B66-9FE69195CE16}.Debug|Any CPU.ActiveCfg = Debug|Any CPU
		{9F927BAE-BDA0-413E-8B66-9FE69195CE16}.Debug|Any CPU.Build.0 = Debug|Any CPU
		{9F927BAE-BDA0-413E-8B66-9FE69195CE16}.Debug|ARM.ActiveCfg = Debug|Any CPU
		{9F927BAE-BDA0-413E-8B66-9FE69195CE16}.Debug|ARM.Build.0 = Debug|Any CPU
		{9F927BAE-BDA0-413E-8B66-9FE69195CE16}.Debug|iPhone.ActiveCfg = Debug|Any CPU
		{9F927BAE-BDA0-413E-8B66-9FE69195CE16}.Debug|iPhone.Build.0 = Debug|Any CPU
		{9F927BAE-BDA0-413E-8B66-9FE69195CE16}.Debug|iPhoneSimulator.ActiveCfg = Debug|Any CPU
		{9F927BAE-BDA0-413E-8B66-9FE69195CE16}.Debug|iPhoneSimulator.Build.0 = Debug|Any CPU
		{9F927BAE-BDA0-413E-8B66-9FE69195CE16}.Debug|x64.ActiveCfg = Debug|Any CPU
		{9F927BAE-BDA0-413E-8B66-9FE69195CE16}.Debug|x64.Build.0 = Debug|Any CPU
		{9F927BAE-BDA0-413E-8B66-9FE69195CE16}.Debug|x86.ActiveCfg = Debug|Any CPU
		{9F927BAE-BDA0-413E-8B66-9FE69195CE16}.Debug|x86.Build.0 = Debug|Any CPU
		{9F927BAE-BDA0-413E-8B66-9FE69195CE16}.Release|Any CPU.ActiveCfg = Release|Any CPU
		{9F927BAE-BDA0-413E-8B66-9FE69195CE16}.Release|Any CPU.Build.0 = Release|Any CPU
		{9F927BAE-BDA0-413E-8B66-9FE69195CE16}.Release|ARM.ActiveCfg = Release|Any CPU
		{9F927BAE-BDA0-413E-8B66-9FE69195CE16}.Release|ARM.Build.0 = Release|Any CPU
		{9F927BAE-BDA0-413E-8B66-9FE69195CE16}.Release|iPhone.ActiveCfg = Release|Any CPU
		{9F927BAE-BDA0-413E-8B66-9FE69195CE16}.Release|iPhone.Build.0 = Release|Any CPU
		{9F927BAE-BDA0-413E-8B66-9FE69195CE16}.Release|iPhoneSimulator.ActiveCfg = Release|Any CPU
		{9F927BAE-BDA0-413E-8B66-9FE69195CE16}.Release|iPhoneSimulator.Build.0 = Release|Any CPU
		{9F927BAE-BDA0-413E-8B66-9FE69195CE16}.Release|x64.ActiveCfg = Release|Any CPU
		{9F927BAE-BDA0-413E-8B66-9FE69195CE16}.Release|x64.Build.0 = Release|Any CPU
		{9F927BAE-BDA0-413E-8B66-9FE69195CE16}.Release|x86.ActiveCfg = Release|Any CPU
		{9F927BAE-BDA0-413E-8B66-9FE69195CE16}.Release|x86.Build.0 = Release|Any CPU
		{03F9E7EC-5383-4DBE-AD21-DCA5BD67C166}.Ad-Hoc|Any CPU.ActiveCfg = Ad-Hoc|iPhone
		{03F9E7EC-5383-4DBE-AD21-DCA5BD67C166}.Ad-Hoc|ARM.ActiveCfg = Ad-Hoc|iPhone
		{03F9E7EC-5383-4DBE-AD21-DCA5BD67C166}.Ad-Hoc|iPhone.ActiveCfg = Ad-Hoc|iPhone
		{03F9E7EC-5383-4DBE-AD21-DCA5BD67C166}.Ad-Hoc|iPhone.Build.0 = Ad-Hoc|iPhone
		{03F9E7EC-5383-4DBE-AD21-DCA5BD67C166}.Ad-Hoc|iPhoneSimulator.ActiveCfg = Ad-Hoc|iPhoneSimulator
		{03F9E7EC-5383-4DBE-AD21-DCA5BD67C166}.Ad-Hoc|iPhoneSimulator.Build.0 = Ad-Hoc|iPhoneSimulator
		{03F9E7EC-5383-4DBE-AD21-DCA5BD67C166}.Ad-Hoc|x64.ActiveCfg = Ad-Hoc|iPhone
		{03F9E7EC-5383-4DBE-AD21-DCA5BD67C166}.Ad-Hoc|x86.ActiveCfg = Ad-Hoc|iPhone
		{03F9E7EC-5383-4DBE-AD21-DCA5BD67C166}.AppStore|Any CPU.ActiveCfg = AppStore|iPhone
		{03F9E7EC-5383-4DBE-AD21-DCA5BD67C166}.AppStore|ARM.ActiveCfg = AppStore|iPhone
		{03F9E7EC-5383-4DBE-AD21-DCA5BD67C166}.AppStore|iPhone.ActiveCfg = AppStore|iPhone
		{03F9E7EC-5383-4DBE-AD21-DCA5BD67C166}.AppStore|iPhone.Build.0 = AppStore|iPhone
		{03F9E7EC-5383-4DBE-AD21-DCA5BD67C166}.AppStore|iPhoneSimulator.ActiveCfg = AppStore|iPhoneSimulator
		{03F9E7EC-5383-4DBE-AD21-DCA5BD67C166}.AppStore|iPhoneSimulator.Build.0 = AppStore|iPhoneSimulator
		{03F9E7EC-5383-4DBE-AD21-DCA5BD67C166}.AppStore|x64.ActiveCfg = AppStore|iPhone
		{03F9E7EC-5383-4DBE-AD21-DCA5BD67C166}.AppStore|x86.ActiveCfg = AppStore|iPhone
		{03F9E7EC-5383-4DBE-AD21-DCA5BD67C166}.Debug|Any CPU.ActiveCfg = Debug|iPhone
		{03F9E7EC-5383-4DBE-AD21-DCA5BD67C166}.Debug|Any CPU.Build.0 = Debug|iPhone
		{03F9E7EC-5383-4DBE-AD21-DCA5BD67C166}.Debug|ARM.ActiveCfg = Debug|iPhone
		{03F9E7EC-5383-4DBE-AD21-DCA5BD67C166}.Debug|iPhone.ActiveCfg = Debug|iPhone
		{03F9E7EC-5383-4DBE-AD21-DCA5BD67C166}.Debug|iPhone.Build.0 = Debug|iPhone
		{03F9E7EC-5383-4DBE-AD21-DCA5BD67C166}.Debug|iPhoneSimulator.ActiveCfg = Debug|iPhoneSimulator
		{03F9E7EC-5383-4DBE-AD21-DCA5BD67C166}.Debug|iPhoneSimulator.Build.0 = Debug|iPhoneSimulator
		{03F9E7EC-5383-4DBE-AD21-DCA5BD67C166}.Debug|x64.ActiveCfg = Debug|iPhone
		{03F9E7EC-5383-4DBE-AD21-DCA5BD67C166}.Debug|x86.ActiveCfg = Debug|iPhone
		{03F9E7EC-5383-4DBE-AD21-DCA5BD67C166}.Release|Any CPU.ActiveCfg = Release|iPhone
		{03F9E7EC-5383-4DBE-AD21-DCA5BD67C166}.Release|ARM.ActiveCfg = Release|iPhone
		{03F9E7EC-5383-4DBE-AD21-DCA5BD67C166}.Release|iPhone.ActiveCfg = Release|iPhone
		{03F9E7EC-5383-4DBE-AD21-DCA5BD67C166}.Release|iPhone.Build.0 = Release|iPhone
		{03F9E7EC-5383-4DBE-AD21-DCA5BD67C166}.Release|iPhoneSimulator.ActiveCfg = Release|iPhoneSimulator
		{03F9E7EC-5383-4DBE-AD21-DCA5BD67C166}.Release|iPhoneSimulator.Build.0 = Release|iPhoneSimulator
		{03F9E7EC-5383-4DBE-AD21-DCA5BD67C166}.Release|x64.ActiveCfg = Release|iPhone
		{03F9E7EC-5383-4DBE-AD21-DCA5BD67C166}.Release|x86.ActiveCfg = Release|iPhone
		{894B9FBC-5CA1-4440-BABF-D35BCB700B55}.Ad-Hoc|Any CPU.ActiveCfg = Release|Any CPU
		{894B9FBC-5CA1-4440-BABF-D35BCB700B55}.Ad-Hoc|Any CPU.Build.0 = Release|Any CPU
		{894B9FBC-5CA1-4440-BABF-D35BCB700B55}.Ad-Hoc|Any CPU.Deploy.0 = Release|Any CPU
		{894B9FBC-5CA1-4440-BABF-D35BCB700B55}.Ad-Hoc|ARM.ActiveCfg = Release|Any CPU
		{894B9FBC-5CA1-4440-BABF-D35BCB700B55}.Ad-Hoc|ARM.Build.0 = Release|Any CPU
		{894B9FBC-5CA1-4440-BABF-D35BCB700B55}.Ad-Hoc|ARM.Deploy.0 = Release|Any CPU
		{894B9FBC-5CA1-4440-BABF-D35BCB700B55}.Ad-Hoc|iPhone.ActiveCfg = Release|Any CPU
		{894B9FBC-5CA1-4440-BABF-D35BCB700B55}.Ad-Hoc|iPhone.Build.0 = Release|Any CPU
		{894B9FBC-5CA1-4440-BABF-D35BCB700B55}.Ad-Hoc|iPhone.Deploy.0 = Release|Any CPU
		{894B9FBC-5CA1-4440-BABF-D35BCB700B55}.Ad-Hoc|iPhoneSimulator.ActiveCfg = Release|Any CPU
		{894B9FBC-5CA1-4440-BABF-D35BCB700B55}.Ad-Hoc|iPhoneSimulator.Build.0 = Release|Any CPU
		{894B9FBC-5CA1-4440-BABF-D35BCB700B55}.Ad-Hoc|iPhoneSimulator.Deploy.0 = Release|Any CPU
		{894B9FBC-5CA1-4440-BABF-D35BCB700B55}.Ad-Hoc|x64.ActiveCfg = Release|Any CPU
		{894B9FBC-5CA1-4440-BABF-D35BCB700B55}.Ad-Hoc|x64.Build.0 = Release|Any CPU
		{894B9FBC-5CA1-4440-BABF-D35BCB700B55}.Ad-Hoc|x64.Deploy.0 = Release|Any CPU
		{894B9FBC-5CA1-4440-BABF-D35BCB700B55}.Ad-Hoc|x86.ActiveCfg = Release|Any CPU
		{894B9FBC-5CA1-4440-BABF-D35BCB700B55}.Ad-Hoc|x86.Build.0 = Release|Any CPU
		{894B9FBC-5CA1-4440-BABF-D35BCB700B55}.Ad-Hoc|x86.Deploy.0 = Release|Any CPU
		{894B9FBC-5CA1-4440-BABF-D35BCB700B55}.AppStore|Any CPU.ActiveCfg = Release|Any CPU
		{894B9FBC-5CA1-4440-BABF-D35BCB700B55}.AppStore|Any CPU.Build.0 = Release|Any CPU
		{894B9FBC-5CA1-4440-BABF-D35BCB700B55}.AppStore|Any CPU.Deploy.0 = Release|Any CPU
		{894B9FBC-5CA1-4440-BABF-D35BCB700B55}.AppStore|ARM.ActiveCfg = Release|Any CPU
		{894B9FBC-5CA1-4440-BABF-D35BCB700B55}.AppStore|ARM.Build.0 = Release|Any CPU
		{894B9FBC-5CA1-4440-BABF-D35BCB700B55}.AppStore|ARM.Deploy.0 = Release|Any CPU
		{894B9FBC-5CA1-4440-BABF-D35BCB700B55}.AppStore|iPhone.ActiveCfg = Release|Any CPU
		{894B9FBC-5CA1-4440-BABF-D35BCB700B55}.AppStore|iPhone.Build.0 = Release|Any CPU
		{894B9FBC-5CA1-4440-BABF-D35BCB700B55}.AppStore|iPhone.Deploy.0 = Release|Any CPU
		{894B9FBC-5CA1-4440-BABF-D35BCB700B55}.AppStore|iPhoneSimulator.ActiveCfg = Release|Any CPU
		{894B9FBC-5CA1-4440-BABF-D35BCB700B55}.AppStore|iPhoneSimulator.Build.0 = Release|Any CPU
		{894B9FBC-5CA1-4440-BABF-D35BCB700B55}.AppStore|iPhoneSimulator.Deploy.0 = Release|Any CPU
		{894B9FBC-5CA1-4440-BABF-D35BCB700B55}.AppStore|x64.ActiveCfg = Release|Any CPU
		{894B9FBC-5CA1-4440-BABF-D35BCB700B55}.AppStore|x64.Build.0 = Release|Any CPU
		{894B9FBC-5CA1-4440-BABF-D35BCB700B55}.AppStore|x64.Deploy.0 = Release|Any CPU
		{894B9FBC-5CA1-4440-BABF-D35BCB700B55}.AppStore|x86.ActiveCfg = Release|Any CPU
		{894B9FBC-5CA1-4440-BABF-D35BCB700B55}.AppStore|x86.Build.0 = Release|Any CPU
		{894B9FBC-5CA1-4440-BABF-D35BCB700B55}.AppStore|x86.Deploy.0 = Release|Any CPU
		{894B9FBC-5CA1-4440-BABF-D35BCB700B55}.Debug|Any CPU.ActiveCfg = Debug|Any CPU
		{894B9FBC-5CA1-4440-BABF-D35BCB700B55}.Debug|Any CPU.Build.0 = Debug|Any CPU
		{894B9FBC-5CA1-4440-BABF-D35BCB700B55}.Debug|Any CPU.Deploy.0 = Debug|Any CPU
		{894B9FBC-5CA1-4440-BABF-D35BCB700B55}.Debug|ARM.ActiveCfg = Debug|Any CPU
		{894B9FBC-5CA1-4440-BABF-D35BCB700B55}.Debug|ARM.Build.0 = Debug|Any CPU
		{894B9FBC-5CA1-4440-BABF-D35BCB700B55}.Debug|ARM.Deploy.0 = Debug|Any CPU
		{894B9FBC-5CA1-4440-BABF-D35BCB700B55}.Debug|iPhone.ActiveCfg = Debug|Any CPU
		{894B9FBC-5CA1-4440-BABF-D35BCB700B55}.Debug|iPhone.Build.0 = Debug|Any CPU
		{894B9FBC-5CA1-4440-BABF-D35BCB700B55}.Debug|iPhone.Deploy.0 = Debug|Any CPU
		{894B9FBC-5CA1-4440-BABF-D35BCB700B55}.Debug|iPhoneSimulator.ActiveCfg = Debug|Any CPU
		{894B9FBC-5CA1-4440-BABF-D35BCB700B55}.Debug|iPhoneSimulator.Build.0 = Debug|Any CPU
		{894B9FBC-5CA1-4440-BABF-D35BCB700B55}.Debug|iPhoneSimulator.Deploy.0 = Debug|Any CPU
		{894B9FBC-5CA1-4440-BABF-D35BCB700B55}.Debug|x64.ActiveCfg = Debug|Any CPU
		{894B9FBC-5CA1-4440-BABF-D35BCB700B55}.Debug|x64.Build.0 = Debug|Any CPU
		{894B9FBC-5CA1-4440-BABF-D35BCB700B55}.Debug|x64.Deploy.0 = Debug|Any CPU
		{894B9FBC-5CA1-4440-BABF-D35BCB700B55}.Debug|x86.ActiveCfg = Debug|Any CPU
		{894B9FBC-5CA1-4440-BABF-D35BCB700B55}.Debug|x86.Build.0 = Debug|Any CPU
		{894B9FBC-5CA1-4440-BABF-D35BCB700B55}.Debug|x86.Deploy.0 = Debug|Any CPU
		{894B9FBC-5CA1-4440-BABF-D35BCB700B55}.Release|Any CPU.ActiveCfg = Release|Any CPU
		{894B9FBC-5CA1-4440-BABF-D35BCB700B55}.Release|Any CPU.Build.0 = Release|Any CPU
		{894B9FBC-5CA1-4440-BABF-D35BCB700B55}.Release|Any CPU.Deploy.0 = Release|Any CPU
		{894B9FBC-5CA1-4440-BABF-D35BCB700B55}.Release|ARM.ActiveCfg = Release|Any CPU
		{894B9FBC-5CA1-4440-BABF-D35BCB700B55}.Release|ARM.Build.0 = Release|Any CPU
		{894B9FBC-5CA1-4440-BABF-D35BCB700B55}.Release|ARM.Deploy.0 = Release|Any CPU
		{894B9FBC-5CA1-4440-BABF-D35BCB700B55}.Release|iPhone.ActiveCfg = Release|Any CPU
		{894B9FBC-5CA1-4440-BABF-D35BCB700B55}.Release|iPhone.Build.0 = Release|Any CPU
		{894B9FBC-5CA1-4440-BABF-D35BCB700B55}.Release|iPhone.Deploy.0 = Release|Any CPU
		{894B9FBC-5CA1-4440-BABF-D35BCB700B55}.Release|iPhoneSimulator.ActiveCfg = Release|Any CPU
		{894B9FBC-5CA1-4440-BABF-D35BCB700B55}.Release|iPhoneSimulator.Build.0 = Release|Any CPU
		{894B9FBC-5CA1-4440-BABF-D35BCB700B55}.Release|iPhoneSimulator.Deploy.0 = Release|Any CPU
		{894B9FBC-5CA1-4440-BABF-D35BCB700B55}.Release|x64.ActiveCfg = Release|Any CPU
		{894B9FBC-5CA1-4440-BABF-D35BCB700B55}.Release|x64.Build.0 = Release|Any CPU
		{894B9FBC-5CA1-4440-BABF-D35BCB700B55}.Release|x64.Deploy.0 = Release|Any CPU
		{894B9FBC-5CA1-4440-BABF-D35BCB700B55}.Release|x86.ActiveCfg = Release|Any CPU
		{894B9FBC-5CA1-4440-BABF-D35BCB700B55}.Release|x86.Build.0 = Release|Any CPU
		{894B9FBC-5CA1-4440-BABF-D35BCB700B55}.Release|x86.Deploy.0 = Release|Any CPU
		{39AEEE75-E688-4316-8A27-74CD3F9FB7FB}.Ad-Hoc|Any CPU.ActiveCfg = Release|Any CPU
		{39AEEE75-E688-4316-8A27-74CD3F9FB7FB}.Ad-Hoc|Any CPU.Build.0 = Release|Any CPU
		{39AEEE75-E688-4316-8A27-74CD3F9FB7FB}.Ad-Hoc|Any CPU.Deploy.0 = Release|Any CPU
		{39AEEE75-E688-4316-8A27-74CD3F9FB7FB}.Ad-Hoc|ARM.ActiveCfg = Release|ARM
		{39AEEE75-E688-4316-8A27-74CD3F9FB7FB}.Ad-Hoc|ARM.Build.0 = Release|ARM
		{39AEEE75-E688-4316-8A27-74CD3F9FB7FB}.Ad-Hoc|ARM.Deploy.0 = Release|ARM
		{39AEEE75-E688-4316-8A27-74CD3F9FB7FB}.Ad-Hoc|iPhone.ActiveCfg = Release|Any CPU
		{39AEEE75-E688-4316-8A27-74CD3F9FB7FB}.Ad-Hoc|iPhone.Build.0 = Release|Any CPU
		{39AEEE75-E688-4316-8A27-74CD3F9FB7FB}.Ad-Hoc|iPhone.Deploy.0 = Release|Any CPU
		{39AEEE75-E688-4316-8A27-74CD3F9FB7FB}.Ad-Hoc|iPhoneSimulator.ActiveCfg = Release|Any CPU
		{39AEEE75-E688-4316-8A27-74CD3F9FB7FB}.Ad-Hoc|iPhoneSimulator.Build.0 = Release|Any CPU
		{39AEEE75-E688-4316-8A27-74CD3F9FB7FB}.Ad-Hoc|iPhoneSimulator.Deploy.0 = Release|Any CPU
		{39AEEE75-E688-4316-8A27-74CD3F9FB7FB}.Ad-Hoc|x64.ActiveCfg = Release|Any CPU
		{39AEEE75-E688-4316-8A27-74CD3F9FB7FB}.Ad-Hoc|x64.Build.0 = Release|Any CPU
		{39AEEE75-E688-4316-8A27-74CD3F9FB7FB}.Ad-Hoc|x64.Deploy.0 = Release|Any CPU
		{39AEEE75-E688-4316-8A27-74CD3F9FB7FB}.Ad-Hoc|x86.ActiveCfg = Release|x86
		{39AEEE75-E688-4316-8A27-74CD3F9FB7FB}.Ad-Hoc|x86.Build.0 = Release|x86
		{39AEEE75-E688-4316-8A27-74CD3F9FB7FB}.Ad-Hoc|x86.Deploy.0 = Release|x86
		{39AEEE75-E688-4316-8A27-74CD3F9FB7FB}.AppStore|Any CPU.ActiveCfg = Release|Any CPU
		{39AEEE75-E688-4316-8A27-74CD3F9FB7FB}.AppStore|Any CPU.Build.0 = Release|Any CPU
		{39AEEE75-E688-4316-8A27-74CD3F9FB7FB}.AppStore|Any CPU.Deploy.0 = Release|Any CPU
		{39AEEE75-E688-4316-8A27-74CD3F9FB7FB}.AppStore|ARM.ActiveCfg = Release|ARM
		{39AEEE75-E688-4316-8A27-74CD3F9FB7FB}.AppStore|ARM.Build.0 = Release|ARM
		{39AEEE75-E688-4316-8A27-74CD3F9FB7FB}.AppStore|ARM.Deploy.0 = Release|ARM
		{39AEEE75-E688-4316-8A27-74CD3F9FB7FB}.AppStore|iPhone.ActiveCfg = Release|Any CPU
		{39AEEE75-E688-4316-8A27-74CD3F9FB7FB}.AppStore|iPhone.Build.0 = Release|Any CPU
		{39AEEE75-E688-4316-8A27-74CD3F9FB7FB}.AppStore|iPhone.Deploy.0 = Release|Any CPU
		{39AEEE75-E688-4316-8A27-74CD3F9FB7FB}.AppStore|iPhoneSimulator.ActiveCfg = Release|Any CPU
		{39AEEE75-E688-4316-8A27-74CD3F9FB7FB}.AppStore|iPhoneSimulator.Build.0 = Release|Any CPU
		{39AEEE75-E688-4316-8A27-74CD3F9FB7FB}.AppStore|iPhoneSimulator.Deploy.0 = Release|Any CPU
		{39AEEE75-E688-4316-8A27-74CD3F9FB7FB}.AppStore|x64.ActiveCfg = Release|Any CPU
		{39AEEE75-E688-4316-8A27-74CD3F9FB7FB}.AppStore|x64.Build.0 = Release|Any CPU
		{39AEEE75-E688-4316-8A27-74CD3F9FB7FB}.AppStore|x64.Deploy.0 = Release|Any CPU
		{39AEEE75-E688-4316-8A27-74CD3F9FB7FB}.AppStore|x86.ActiveCfg = Release|x86
		{39AEEE75-E688-4316-8A27-74CD3F9FB7FB}.AppStore|x86.Build.0 = Release|x86
		{39AEEE75-E688-4316-8A27-74CD3F9FB7FB}.AppStore|x86.Deploy.0 = Release|x86
		{39AEEE75-E688-4316-8A27-74CD3F9FB7FB}.Debug|Any CPU.ActiveCfg = Debug|Any CPU
		{39AEEE75-E688-4316-8A27-74CD3F9FB7FB}.Debug|Any CPU.Build.0 = Debug|Any CPU
		{39AEEE75-E688-4316-8A27-74CD3F9FB7FB}.Debug|Any CPU.Deploy.0 = Debug|Any CPU
		{39AEEE75-E688-4316-8A27-74CD3F9FB7FB}.Debug|ARM.ActiveCfg = Debug|ARM
		{39AEEE75-E688-4316-8A27-74CD3F9FB7FB}.Debug|ARM.Build.0 = Debug|ARM
		{39AEEE75-E688-4316-8A27-74CD3F9FB7FB}.Debug|ARM.Deploy.0 = Debug|ARM
		{39AEEE75-E688-4316-8A27-74CD3F9FB7FB}.Debug|iPhone.ActiveCfg = Debug|Any CPU
		{39AEEE75-E688-4316-8A27-74CD3F9FB7FB}.Debug|iPhone.Build.0 = Debug|Any CPU
		{39AEEE75-E688-4316-8A27-74CD3F9FB7FB}.Debug|iPhone.Deploy.0 = Debug|Any CPU
		{39AEEE75-E688-4316-8A27-74CD3F9FB7FB}.Debug|iPhoneSimulator.ActiveCfg = Debug|Any CPU
		{39AEEE75-E688-4316-8A27-74CD3F9FB7FB}.Debug|iPhoneSimulator.Build.0 = Debug|Any CPU
		{39AEEE75-E688-4316-8A27-74CD3F9FB7FB}.Debug|iPhoneSimulator.Deploy.0 = Debug|Any CPU
		{39AEEE75-E688-4316-8A27-74CD3F9FB7FB}.Debug|x64.ActiveCfg = Debug|Any CPU
		{39AEEE75-E688-4316-8A27-74CD3F9FB7FB}.Debug|x64.Build.0 = Debug|Any CPU
		{39AEEE75-E688-4316-8A27-74CD3F9FB7FB}.Debug|x64.Deploy.0 = Debug|Any CPU
		{39AEEE75-E688-4316-8A27-74CD3F9FB7FB}.Debug|x86.ActiveCfg = Debug|x86
		{39AEEE75-E688-4316-8A27-74CD3F9FB7FB}.Debug|x86.Build.0 = Debug|x86
		{39AEEE75-E688-4316-8A27-74CD3F9FB7FB}.Debug|x86.Deploy.0 = Debug|x86
		{39AEEE75-E688-4316-8A27-74CD3F9FB7FB}.Release|Any CPU.ActiveCfg = Release|Any CPU
		{39AEEE75-E688-4316-8A27-74CD3F9FB7FB}.Release|Any CPU.Build.0 = Release|Any CPU
		{39AEEE75-E688-4316-8A27-74CD3F9FB7FB}.Release|Any CPU.Deploy.0 = Release|Any CPU
		{39AEEE75-E688-4316-8A27-74CD3F9FB7FB}.Release|ARM.ActiveCfg = Release|ARM
		{39AEEE75-E688-4316-8A27-74CD3F9FB7FB}.Release|ARM.Build.0 = Release|ARM
		{39AEEE75-E688-4316-8A27-74CD3F9FB7FB}.Release|ARM.Deploy.0 = Release|ARM
		{39AEEE75-E688-4316-8A27-74CD3F9FB7FB}.Release|iPhone.ActiveCfg = Release|Any CPU
		{39AEEE75-E688-4316-8A27-74CD3F9FB7FB}.Release|iPhone.Build.0 = Release|Any CPU
		{39AEEE75-E688-4316-8A27-74CD3F9FB7FB}.Release|iPhone.Deploy.0 = Release|Any CPU
		{39AEEE75-E688-4316-8A27-74CD3F9FB7FB}.Release|iPhoneSimulator.ActiveCfg = Release|Any CPU
		{39AEEE75-E688-4316-8A27-74CD3F9FB7FB}.Release|iPhoneSimulator.Build.0 = Release|Any CPU
		{39AEEE75-E688-4316-8A27-74CD3F9FB7FB}.Release|iPhoneSimulator.Deploy.0 = Release|Any CPU
		{39AEEE75-E688-4316-8A27-74CD3F9FB7FB}.Release|x64.ActiveCfg = Release|Any CPU
		{39AEEE75-E688-4316-8A27-74CD3F9FB7FB}.Release|x64.Build.0 = Release|Any CPU
		{39AEEE75-E688-4316-8A27-74CD3F9FB7FB}.Release|x64.Deploy.0 = Release|Any CPU
		{39AEEE75-E688-4316-8A27-74CD3F9FB7FB}.Release|x86.ActiveCfg = Release|x86
		{39AEEE75-E688-4316-8A27-74CD3F9FB7FB}.Release|x86.Build.0 = Release|x86
		{39AEEE75-E688-4316-8A27-74CD3F9FB7FB}.Release|x86.Deploy.0 = Release|x86
		{BD42177F-7649-48E9-9C51-7555223498B1}.Ad-Hoc|Any CPU.ActiveCfg = Release|x86
		{BD42177F-7649-48E9-9C51-7555223498B1}.Ad-Hoc|Any CPU.Build.0 = Release|x86
		{BD42177F-7649-48E9-9C51-7555223498B1}.Ad-Hoc|Any CPU.Deploy.0 = Release|x86
		{BD42177F-7649-48E9-9C51-7555223498B1}.Ad-Hoc|ARM.ActiveCfg = Release|ARM
		{BD42177F-7649-48E9-9C51-7555223498B1}.Ad-Hoc|ARM.Build.0 = Release|ARM
		{BD42177F-7649-48E9-9C51-7555223498B1}.Ad-Hoc|ARM.Deploy.0 = Release|ARM
		{BD42177F-7649-48E9-9C51-7555223498B1}.Ad-Hoc|iPhone.ActiveCfg = Release|x86
		{BD42177F-7649-48E9-9C51-7555223498B1}.Ad-Hoc|iPhone.Build.0 = Release|x86
		{BD42177F-7649-48E9-9C51-7555223498B1}.Ad-Hoc|iPhone.Deploy.0 = Release|x86
		{BD42177F-7649-48E9-9C51-7555223498B1}.Ad-Hoc|iPhoneSimulator.ActiveCfg = Release|x86
		{BD42177F-7649-48E9-9C51-7555223498B1}.Ad-Hoc|iPhoneSimulator.Build.0 = Release|x86
		{BD42177F-7649-48E9-9C51-7555223498B1}.Ad-Hoc|iPhoneSimulator.Deploy.0 = Release|x86
		{BD42177F-7649-48E9-9C51-7555223498B1}.Ad-Hoc|x64.ActiveCfg = Release|x64
		{BD42177F-7649-48E9-9C51-7555223498B1}.Ad-Hoc|x64.Build.0 = Release|x64
		{BD42177F-7649-48E9-9C51-7555223498B1}.Ad-Hoc|x64.Deploy.0 = Release|x64
		{BD42177F-7649-48E9-9C51-7555223498B1}.Ad-Hoc|x86.ActiveCfg = Release|x86
		{BD42177F-7649-48E9-9C51-7555223498B1}.Ad-Hoc|x86.Build.0 = Release|x86
		{BD42177F-7649-48E9-9C51-7555223498B1}.Ad-Hoc|x86.Deploy.0 = Release|x86
		{BD42177F-7649-48E9-9C51-7555223498B1}.AppStore|Any CPU.ActiveCfg = Release|x86
		{BD42177F-7649-48E9-9C51-7555223498B1}.AppStore|Any CPU.Build.0 = Release|x86
		{BD42177F-7649-48E9-9C51-7555223498B1}.AppStore|Any CPU.Deploy.0 = Release|x86
		{BD42177F-7649-48E9-9C51-7555223498B1}.AppStore|ARM.ActiveCfg = Release|ARM
		{BD42177F-7649-48E9-9C51-7555223498B1}.AppStore|ARM.Build.0 = Release|ARM
		{BD42177F-7649-48E9-9C51-7555223498B1}.AppStore|ARM.Deploy.0 = Release|ARM
		{BD42177F-7649-48E9-9C51-7555223498B1}.AppStore|iPhone.ActiveCfg = Release|x86
		{BD42177F-7649-48E9-9C51-7555223498B1}.AppStore|iPhone.Build.0 = Release|x86
		{BD42177F-7649-48E9-9C51-7555223498B1}.AppStore|iPhone.Deploy.0 = Release|x86
		{BD42177F-7649-48E9-9C51-7555223498B1}.AppStore|iPhoneSimulator.ActiveCfg = Release|x86
		{BD42177F-7649-48E9-9C51-7555223498B1}.AppStore|iPhoneSimulator.Build.0 = Release|x86
		{BD42177F-7649-48E9-9C51-7555223498B1}.AppStore|iPhoneSimulator.Deploy.0 = Release|x86
		{BD42177F-7649-48E9-9C51-7555223498B1}.AppStore|x64.ActiveCfg = Release|x64
		{BD42177F-7649-48E9-9C51-7555223498B1}.AppStore|x64.Build.0 = Release|x64
		{BD42177F-7649-48E9-9C51-7555223498B1}.AppStore|x64.Deploy.0 = Release|x64
		{BD42177F-7649-48E9-9C51-7555223498B1}.AppStore|x86.ActiveCfg = Release|x86
		{BD42177F-7649-48E9-9C51-7555223498B1}.AppStore|x86.Build.0 = Release|x86
		{BD42177F-7649-48E9-9C51-7555223498B1}.AppStore|x86.Deploy.0 = Release|x86
		{BD42177F-7649-48E9-9C51-7555223498B1}.Debug|Any CPU.ActiveCfg = Debug|x86
		{BD42177F-7649-48E9-9C51-7555223498B1}.Debug|Any CPU.Build.0 = Debug|x86
		{BD42177F-7649-48E9-9C51-7555223498B1}.Debug|Any CPU.Deploy.0 = Debug|x86
		{BD42177F-7649-48E9-9C51-7555223498B1}.Debug|ARM.ActiveCfg = Debug|ARM
		{BD42177F-7649-48E9-9C51-7555223498B1}.Debug|ARM.Build.0 = Debug|ARM
		{BD42177F-7649-48E9-9C51-7555223498B1}.Debug|ARM.Deploy.0 = Debug|ARM
		{BD42177F-7649-48E9-9C51-7555223498B1}.Debug|iPhone.ActiveCfg = Debug|x86
		{BD42177F-7649-48E9-9C51-7555223498B1}.Debug|iPhoneSimulator.ActiveCfg = Debug|x86
		{BD42177F-7649-48E9-9C51-7555223498B1}.Debug|x64.ActiveCfg = Debug|x64
		{BD42177F-7649-48E9-9C51-7555223498B1}.Debug|x64.Build.0 = Debug|x64
		{BD42177F-7649-48E9-9C51-7555223498B1}.Debug|x64.Deploy.0 = Debug|x64
		{BD42177F-7649-48E9-9C51-7555223498B1}.Debug|x86.ActiveCfg = Debug|x86
		{BD42177F-7649-48E9-9C51-7555223498B1}.Debug|x86.Build.0 = Debug|x86
		{BD42177F-7649-48E9-9C51-7555223498B1}.Debug|x86.Deploy.0 = Debug|x86
		{BD42177F-7649-48E9-9C51-7555223498B1}.Release|Any CPU.ActiveCfg = Release|x86
		{BD42177F-7649-48E9-9C51-7555223498B1}.Release|Any CPU.Build.0 = Release|x86
		{BD42177F-7649-48E9-9C51-7555223498B1}.Release|Any CPU.Deploy.0 = Release|x86
		{BD42177F-7649-48E9-9C51-7555223498B1}.Release|ARM.ActiveCfg = Release|ARM
		{BD42177F-7649-48E9-9C51-7555223498B1}.Release|ARM.Build.0 = Release|ARM
		{BD42177F-7649-48E9-9C51-7555223498B1}.Release|ARM.Deploy.0 = Release|ARM
		{BD42177F-7649-48E9-9C51-7555223498B1}.Release|iPhone.ActiveCfg = Release|x86
		{BD42177F-7649-48E9-9C51-7555223498B1}.Release|iPhoneSimulator.ActiveCfg = Release|x86
		{BD42177F-7649-48E9-9C51-7555223498B1}.Release|x64.ActiveCfg = Release|x64
		{BD42177F-7649-48E9-9C51-7555223498B1}.Release|x64.Build.0 = Release|x64
		{BD42177F-7649-48E9-9C51-7555223498B1}.Release|x64.Deploy.0 = Release|x64
		{BD42177F-7649-48E9-9C51-7555223498B1}.Release|x86.ActiveCfg = Release|x86
		{BD42177F-7649-48E9-9C51-7555223498B1}.Release|x86.Build.0 = Release|x86
		{BD42177F-7649-48E9-9C51-7555223498B1}.Release|x86.Deploy.0 = Release|x86
	EndGlobalSection
	GlobalSection(SolutionProperties) = preSolution
		HideSolutionNode = FALSE
	EndGlobalSection
EndGlobal
